
Microsoft Visual Studio Solution File, Format Version 12.00
# Visual Studio 14
VisualStudioVersion = 14.0.25123.0
MinimumVisualStudioVersion = 10.0.40219.1
Project("{FA62C2C3-BB37-44AF-92EF-BE7C0BA7997E}") = "Sitecore.Support.95532", "Sitecore.Support.95532\Sitecore.Support.95532.csproj", "{C7E5092C-D316-4058-A18A-B9D665AB5835}"
EndProject
Global
	GlobalSection(SolutionConfigurationPlatforms) = preSolution
		Debug|Any CPU = Debug|Any CPU
		Release|Any CPU = Release|Any CPU
	EndGlobalSection
	GlobalSection(ProjectConfigurationPlatforms) = postSolution
		{C7E5092C-D316-4058-A18A-B9D665AB5835}.Debug|Any CPU.ActiveCfg = Debug|Any CPU
		{C7E5092C-D316-4058-A18A-B9D665AB5835}.Debug|Any CPU.Build.0 = Debug|Any CPU
		{C7E5092C-D316-4058-A18A-B9D665AB5835}.Release|Any CPU.ActiveCfg = Release|Any CPU
		{C7E5092C-D316-4058-A18A-B9D665AB5835}.Release|Any CPU.Build.0 = Release|Any CPU
	EndGlobalSection
	GlobalSection(SolutionProperties) = preSolution
		HideSolutionNode = FALSE
	EndGlobalSection
EndGlobal
